
Microsoft Visual Studio Solution File, Format Version 10.00
# Visual Studio 2008
Project("{FAE04EC0-301F-11D3-BF4B-00C04F79EFBC}") = "Topical Memory System", "Topical Memory System\Topical Memory System.csproj", "{DE9DA3D5-126C-45A2-B755-C6AEBCE12724}"
EndProject
Project("{54435603-DBB4-11D2-8724-00A0C9A8B90C}") = "TMS Assistant", "TMS Assistant\TMS Assistant.vdproj", "{EA89020E-72E4-421C-A438-8214C4E3D248}"
EndProject
Global
	GlobalSection(SolutionConfigurationPlatforms) = preSolution
		Debug|Any CPU = Debug|Any CPU
		Release|Any CPU = Release|Any CPU
	EndGlobalSection
	GlobalSection(ProjectConfigurationPlatforms) = postSolution
		{DE9DA3D5-126C-45A2-B755-C6AEBCE12724}.Debug|Any CPU.ActiveCfg = Debug|Any CPU
		{DE9DA3D5-126C-45A2-B755-C6AEBCE12724}.Debug|Any CPU.Build.0 = Debug|Any CPU
		{DE9DA3D5-126C-45A2-B755-C6AEBCE12724}.Release|Any CPU.ActiveCfg = Release|Any CPU
		{DE9DA3D5-126C-45A2-B755-C6AEBCE12724}.Release|Any CPU.Build.0 = Release|Any CPU
		{EA89020E-72E4-421C-A438-8214C4E3D248}.Debug|Any CPU.ActiveCfg = Debug
		{EA89020E-72E4-421C-A438-8214C4E3D248}.Release|Any CPU.ActiveCfg = Release
	EndGlobalSection
	GlobalSection(SolutionProperties) = preSolution
		HideSolutionNode = FALSE
	EndGlobalSection
EndGlobal
